
Microsoft Visual Studio Solution File, Format Version 12.00
# Visual Studio Version 17
VisualStudioVersion = 17.3.32929.385
MinimumVisualStudioVersion = 10.0.40219.1
Project("{FAE04EC0-301F-11D3-BF4B-00C04F79EFBC}") = "A_DAL", "A_DAL\A_DAL.csproj", "{98566043-B137-4089-9156-95964CE76DF2}"
EndProject
Project("{FAE04EC0-301F-11D3-BF4B-00C04F79EFBC}") = "B_BUS", "B_BUS\B_BUS.csproj", "{E47182A7-E63E-46CB-B9FE-FC3F408A7532}"
EndProject
Project("{FAE04EC0-301F-11D3-BF4B-00C04F79EFBC}") = "C_PL", "C_PL\C_PL.csproj", "{E005551B-5A26-4B1B-8140-ACC30CAC7AC6}"
EndProject
Global
	GlobalSection(SolutionConfigurationPlatforms) = preSolution
		Debug|Any CPU = Debug|Any CPU
		Release|Any CPU = Release|Any CPU
	EndGlobalSection
	GlobalSection(ProjectConfigurationPlatforms) = postSolution
		{98566043-B137-4089-9156-95964CE76DF2}.Debug|Any CPU.ActiveCfg = Debug|Any CPU
		{98566043-B137-4089-9156-95964CE76DF2}.Debug|Any CPU.Build.0 = Debug|Any CPU
		{98566043-B137-4089-9156-95964CE76DF2}.Release|Any CPU.ActiveCfg = Release|Any CPU
		{98566043-B137-4089-9156-95964CE76DF2}.Release|Any CPU.Build.0 = Release|Any CPU
		{E47182A7-E63E-46CB-B9FE-FC3F408A7532}.Debug|Any CPU.ActiveCfg = Debug|Any CPU
		{E47182A7-E63E-46CB-B9FE-FC3F408A7532}.Debug|Any CPU.Build.0 = Debug|Any CPU
		{E47182A7-E63E-46CB-B9FE-FC3F408A7532}.Release|Any CPU.ActiveCfg = Release|Any CPU
		{E47182A7-E63E-46CB-B9FE-FC3F408A7532}.Release|Any CPU.Build.0 = Release|Any CPU
		{E005551B-5A26-4B1B-8140-ACC30CAC7AC6}.Debug|Any CPU.ActiveCfg = Debug|Any CPU
		{E005551B-5A26-4B1B-8140-ACC30CAC7AC6}.Debug|Any CPU.Build.0 = Debug|Any CPU
		{E005551B-5A26-4B1B-8140-ACC30CAC7AC6}.Release|Any CPU.ActiveCfg = Release|Any CPU
		{E005551B-5A26-4B1B-8140-ACC30CAC7AC6}.Release|Any CPU.Build.0 = Release|Any CPU
	EndGlobalSection
	GlobalSection(SolutionProperties) = preSolution
		HideSolutionNode = FALSE
	EndGlobalSection
	GlobalSection(ExtensibilityGlobals) = postSolution
		SolutionGuid = {F087289E-3ABE-4E15-A5AE-24F29547DFB6}
	EndGlobalSection
EndGlobal
